
Microsoft Visual Studio Solution File, Format Version 12.00
# Visual Studio Version 16
VisualStudioVersion = 16.0.30517.126
MinimumVisualStudioVersion = 10.0.40219.1
Project("{9A19103F-16F7-4668-BE54-9A1E7A4F7556}") = "BotController", "BotController\BotController.csproj", "{479179DF-83EC-465F-81B6-72BD46BF5972}"
EndProject
Project("{9A19103F-16F7-4668-BE54-9A1E7A4F7556}") = "FileReceiverBot", "FileReceiverBot\FileReceiverBot.csproj", "{18D02646-19DF-422F-8153-A543320A3B09}"
EndProject
Project("{9A19103F-16F7-4668-BE54-9A1E7A4F7556}") = "FileReceiverBot.API", "FileReceiverBotApi\FileReceiverBot.API.csproj", "{F7BFFB9B-A1A7-41C6-BC65-B83F3A96908D}"
EndProject
Project("{2150E333-8FDC-42A3-9474-1A3956D46DE8}") = "src", "src", "{B929C967-0A6B-4FA6-95A9-454DC6CE727E}"
EndProject
Project("{2150E333-8FDC-42A3-9474-1A3956D46DE8}") = "FileReceiverPolling", "FileReceiverPolling", "{658E5904-0A46-45C4-83BF-F33F1FA78864}"
EndProject
Project("{2150E333-8FDC-42A3-9474-1A3956D46DE8}") = "FileReceiverWebhook", "FileReceiverWebhook", "{A2D3089B-752E-4318-8485-BF567A467620}"
EndProject
Project("{2150E333-8FDC-42A3-9474-1A3956D46DE8}") = "FileReceiver", "FileReceiver", "{ECA04AFB-6441-4F49-A2EB-10B9863CF390}"
EndProject
Project("{FAE04EC0-301F-11D3-BF4B-00C04F79EFBC}") = "FileReceiverBot.DataAccess", "FileReceiverBot.DataAccess\FileReceiverBot.DataAccess.csproj", "{399672D3-A015-4283-B073-35FF779CF212}"
EndProject
Global
	GlobalSection(SolutionConfigurationPlatforms) = preSolution
		Debug|Any CPU = Debug|Any CPU
		Release|Any CPU = Release|Any CPU
	EndGlobalSection
	GlobalSection(ProjectConfigurationPlatforms) = postSolution
		{479179DF-83EC-465F-81B6-72BD46BF5972}.Debug|Any CPU.ActiveCfg = Debug|Any CPU
		{479179DF-83EC-465F-81B6-72BD46BF5972}.Debug|Any CPU.Build.0 = Debug|Any CPU
		{479179DF-83EC-465F-81B6-72BD46BF5972}.Release|Any CPU.ActiveCfg = Release|Any CPU
		{479179DF-83EC-465F-81B6-72BD46BF5972}.Release|Any CPU.Build.0 = Release|Any CPU
		{18D02646-19DF-422F-8153-A543320A3B09}.Debug|Any CPU.ActiveCfg = Debug|Any CPU
		{18D02646-19DF-422F-8153-A543320A3B09}.Debug|Any CPU.Build.0 = Debug|Any CPU
		{18D02646-19DF-422F-8153-A543320A3B09}.Release|Any CPU.ActiveCfg = Release|Any CPU
		{18D02646-19DF-422F-8153-A543320A3B09}.Release|Any CPU.Build.0 = Release|Any CPU
		{F7BFFB9B-A1A7-41C6-BC65-B83F3A96908D}.Debug|Any CPU.ActiveCfg = Debug|Any CPU
		{F7BFFB9B-A1A7-41C6-BC65-B83F3A96908D}.Debug|Any CPU.Build.0 = Debug|Any CPU
		{F7BFFB9B-A1A7-41C6-BC65-B83F3A96908D}.Release|Any CPU.ActiveCfg = Release|Any CPU
		{F7BFFB9B-A1A7-41C6-BC65-B83F3A96908D}.Release|Any CPU.Build.0 = Release|Any CPU
		{399672D3-A015-4283-B073-35FF779CF212}.Debug|Any CPU.ActiveCfg = Debug|Any CPU
		{399672D3-A015-4283-B073-35FF779CF212}.Debug|Any CPU.Build.0 = Debug|Any CPU
		{399672D3-A015-4283-B073-35FF779CF212}.Release|Any CPU.ActiveCfg = Release|Any CPU
		{399672D3-A015-4283-B073-35FF779CF212}.Release|Any CPU.Build.0 = Release|Any CPU
	EndGlobalSection
	GlobalSection(SolutionProperties) = preSolution
		HideSolutionNode = FALSE
	EndGlobalSection
	GlobalSection(NestedProjects) = preSolution
		{479179DF-83EC-465F-81B6-72BD46BF5972} = {658E5904-0A46-45C4-83BF-F33F1FA78864}
		{18D02646-19DF-422F-8153-A543320A3B09} = {658E5904-0A46-45C4-83BF-F33F1FA78864}
		{F7BFFB9B-A1A7-41C6-BC65-B83F3A96908D} = {A2D3089B-752E-4318-8485-BF567A467620}
		{658E5904-0A46-45C4-83BF-F33F1FA78864} = {ECA04AFB-6441-4F49-A2EB-10B9863CF390}
		{A2D3089B-752E-4318-8485-BF567A467620} = {ECA04AFB-6441-4F49-A2EB-10B9863CF390}
		{ECA04AFB-6441-4F49-A2EB-10B9863CF390} = {B929C967-0A6B-4FA6-95A9-454DC6CE727E}
		{399672D3-A015-4283-B073-35FF779CF212} = {A2D3089B-752E-4318-8485-BF567A467620}
	EndGlobalSection
	GlobalSection(ExtensibilityGlobals) = postSolution
		SolutionGuid = {F1E215BF-59B1-49C3-8421-6BB61ED6690A}
	EndGlobalSection
EndGlobal
