
Microsoft Visual Studio Solution File, Format Version 12.00
# Visual Studio Version 16
VisualStudioVersion = 16.0.30517.126
MinimumVisualStudioVersion = 10.0.40219.1
Project("{9A19103F-16F7-4668-BE54-9A1E7A4F7556}") = "BotController", "BotController\BotController.csproj", "{479179DF-83EC-465F-81B6-72BD46BF5972}"
EndProject
Project("{9A19103F-16F7-4668-BE54-9A1E7A4F7556}") = "FileReceiverBot", "FileReceiverBot\FileReceiverBot.csproj", "{18D02646-19DF-422F-8153-A543320A3B09}"
EndProject
Global
	GlobalSection(SolutionConfigurationPlatforms) = preSolution
		Debug|Any CPU = Debug|Any CPU
		Release|Any CPU = Release|Any CPU
	EndGlobalSection
	GlobalSection(ProjectConfigurationPlatforms) = postSolution
		{479179DF-83EC-465F-81B6-72BD46BF5972}.Debug|Any CPU.ActiveCfg = Debug|Any CPU
		{479179DF-83EC-465F-81B6-72BD46BF5972}.Debug|Any CPU.Build.0 = Debug|Any CPU
		{479179DF-83EC-465F-81B6-72BD46BF5972}.Release|Any CPU.ActiveCfg = Release|Any CPU
		{479179DF-83EC-465F-81B6-72BD46BF5972}.Release|Any CPU.Build.0 = Release|Any CPU
		{18D02646-19DF-422F-8153-A543320A3B09}.Debug|Any CPU.ActiveCfg = Debug|Any CPU
		{18D02646-19DF-422F-8153-A543320A3B09}.Debug|Any CPU.Build.0 = Debug|Any CPU
		{18D02646-19DF-422F-8153-A543320A3B09}.Release|Any CPU.ActiveCfg = Release|Any CPU
		{18D02646-19DF-422F-8153-A543320A3B09}.Release|Any CPU.Build.0 = Release|Any CPU
	EndGlobalSection
	GlobalSection(SolutionProperties) = preSolution
		HideSolutionNode = FALSE
	EndGlobalSection
	GlobalSection(ExtensibilityGlobals) = postSolution
		SolutionGuid = {F1E215BF-59B1-49C3-8421-6BB61ED6690A}
	EndGlobalSection
EndGlobal
